dependencies:
- name: kyverno-plugin
  repository: oci://ghcr.io/kyverno/charts/policy-reporter
  version: 0.0.1
- name: trivy-plugin
  repository: oci://ghcr.io/kyverno/charts/policy-reporter
  version: 0.0.2
digest: sha256:e7cb23e428d9f7f8230259a194a14151ed161e3e1294a24ab85f1b0c0b039ed1
generated: "2024-01-14T17:16:27.603097+01:00"
